version: 5
environments:
  default:
    channels:
    - url: https://conda.anaconda.org/conda-forge/
    packages:
      win-64:
      - conda: https://conda.anaconda.org/conda-forge/noarch/annotated-types-0.7.0-pyhd8ed1ab_0.conda
      - conda: https://conda.anaconda.org/conda-forge/noarch/anyio-4.3.0-pyhd8ed1ab_0.conda
      - conda: https://conda.anaconda.org/conda-forge/win-64/bzip2-1.0.8-hcfcfb64_5.conda
      - conda: https://conda.anaconda.org/conda-forge/win-64/ca-certificates-2024.2.2-h56e8100_0.conda
      - conda: https://conda.anaconda.org/conda-forge/noarch/certifi-2024.2.2-pyhd8ed1ab_0.conda
      - conda: https://conda.anaconda.org/conda-forge/noarch/click-8.1.7-win_pyh7428d3b_0.conda
      - conda: https://conda.anaconda.org/conda-forge/noarch/colorama-0.4.6-pyhd8ed1ab_0.tar.bz2
      - conda: https://conda.anaconda.org/conda-forge/win-64/colorlog-6.8.2-py312h2e8e312_0.conda
      - conda: https://conda.anaconda.org/conda-forge/noarch/dnspython-2.6.1-pyhd8ed1ab_1.conda
      - conda: https://conda.anaconda.org/conda-forge/noarch/email-validator-2.1.1-pyhd8ed1ab_0.conda
      - conda: https://conda.anaconda.org/conda-forge/noarch/email_validator-2.1.1-hd8ed1ab_0.conda
      - conda: https://conda.anaconda.org/conda-forge/noarch/exceptiongroup-1.2.0-pyhd8ed1ab_2.conda
      - conda: https://conda.anaconda.org/conda-forge/noarch/fastapi-0.111.0-pyhd8ed1ab_0.conda
      - conda: https://conda.anaconda.org/conda-forge/noarch/fastapi-cli-0.0.4-pyhd8ed1ab_0.conda
      - conda: https://conda.anaconda.org/conda-forge/noarch/h11-0.14.0-pyhd8ed1ab_0.tar.bz2
      - conda: https://conda.anaconda.org/conda-forge/noarch/h2-4.1.0-pyhd8ed1ab_0.tar.bz2
      - conda: https://conda.anaconda.org/conda-forge/noarch/hpack-4.0.0-pyh9f0ad1d_0.tar.bz2
      - conda: https://conda.anaconda.org/conda-forge/noarch/httpcore-1.0.5-pyhd8ed1ab_0.conda
      - conda: https://conda.anaconda.org/conda-forge/noarch/httpx-0.27.0-pyhd8ed1ab_0.conda
      - conda: https://conda.anaconda.org/conda-forge/noarch/hyperframe-6.0.1-pyhd8ed1ab_0.tar.bz2
      - conda: https://conda.anaconda.org/conda-forge/noarch/idna-3.7-pyhd8ed1ab_0.conda
      - conda: https://conda.anaconda.org/conda-forge/noarch/jinja2-3.1.4-pyhd8ed1ab_0.conda
      - conda: https://conda.anaconda.org/conda-forge/win-64/libexpat-2.6.2-h63175ca_0.conda
      - conda: https://conda.anaconda.org/conda-forge/win-64/libffi-3.4.2-h8ffe710_5.tar.bz2
      - conda: https://conda.anaconda.org/conda-forge/win-64/libsqlite-3.45.3-hcfcfb64_0.conda
      - conda: https://conda.anaconda.org/conda-forge/win-64/libzlib-1.3.1-h2466b09_1.conda
      - conda: https://conda.anaconda.org/conda-forge/noarch/markdown-it-py-3.0.0-pyhd8ed1ab_0.conda
      - conda: https://conda.anaconda.org/conda-forge/win-64/markupsafe-2.1.5-py312he70551f_0.conda
      - conda: https://conda.anaconda.org/conda-forge/noarch/mdurl-0.1.2-pyhd8ed1ab_0.conda
      - conda: https://conda.anaconda.org/conda-forge/win-64/openssl-3.3.0-h2466b09_3.conda
      - conda: https://conda.anaconda.org/conda-forge/win-64/orjson-3.10.3-py312h426fad5_0.conda
      - conda: https://conda.anaconda.org/conda-forge/noarch/pydantic-2.7.2-pyhd8ed1ab_0.conda
      - conda: https://conda.anaconda.org/conda-forge/win-64/pydantic-core-2.18.3-py312h2615798_0.conda
      - conda: https://conda.anaconda.org/conda-forge/noarch/pygments-2.18.0-pyhd8ed1ab_0.conda
      - conda: https://conda.anaconda.org/conda-forge/win-64/python-3.12.3-h2628c8c_0_cpython.conda
      - conda: https://conda.anaconda.org/conda-forge/noarch/python-multipart-0.0.9-pyhd8ed1ab_0.conda
      - conda: https://conda.anaconda.org/conda-forge/win-64/python_abi-3.12-4_cp312.conda
      - conda: https://conda.anaconda.org/conda-forge/noarch/rich-13.7.1-pyhd8ed1ab_0.conda
      - conda: https://conda.anaconda.org/conda-forge/noarch/shellingham-1.5.4-pyhd8ed1ab_0.conda
      - conda: https://conda.anaconda.org/conda-forge/noarch/sniffio-1.3.1-pyhd8ed1ab_0.conda
      - conda: https://conda.anaconda.org/conda-forge/noarch/starlette-0.37.2-pyhd8ed1ab_0.conda
      - conda: https://conda.anaconda.org/conda-forge/win-64/tk-8.6.13-h5226925_1.conda
      - conda: https://conda.anaconda.org/conda-forge/noarch/typer-0.12.3-pyhd8ed1ab_0.conda
      - conda: https://conda.anaconda.org/conda-forge/noarch/typer-slim-0.12.3-pyhd8ed1ab_0.conda
      - conda: https://conda.anaconda.org/conda-forge/noarch/typer-slim-standard-0.12.3-hd8ed1ab_0.conda
      - conda: https://conda.anaconda.org/conda-forge/noarch/typing-extensions-4.11.0-hd8ed1ab_0.conda
      - conda: https://conda.anaconda.org/conda-forge/noarch/typing_extensions-4.11.0-pyha770c72_0.conda
      - conda: https://conda.anaconda.org/conda-forge/noarch/tzdata-2024a-h0c530f3_0.conda
      - conda: https://conda.anaconda.org/conda-forge/win-64/ucrt-10.0.22621.0-h57928b3_0.tar.bz2
      - conda: https://conda.anaconda.org/conda-forge/win-64/ujson-5.10.0-py312h275cf98_0.conda
      - conda: https://conda.anaconda.org/conda-forge/win-64/uvicorn-0.30.0-py312h2e8e312_0.conda
      - conda: https://conda.anaconda.org/conda-forge/win-64/vc-14.3-ha32ba9b_20.conda
      - conda: https://conda.anaconda.org/conda-forge/win-64/vc14_runtime-14.38.33135-h835141b_20.conda
      - conda: https://conda.anaconda.org/conda-forge/win-64/vs2015_runtime-14.38.33135-h22015db_20.conda
      - conda: https://conda.anaconda.org/conda-forge/win-64/xz-5.2.6-h8d14728_0.tar.bz2
packages:
- kind: conda
  name: annotated-types
  version: 0.7.0
  build: pyhd8ed1ab_0
  subdir: noarch
  noarch: python
  url: https://conda.anaconda.org/conda-forge/noarch/annotated-types-0.7.0-pyhd8ed1ab_0.conda
  sha256: 668f0825b6c18e4012ca24a0070562b6ec801ebc7008228a428eb52b4038873f
  md5: 7e9f4612544c8edbfd6afad17f1bd045
  depends:
  - python >=3.7
  - typing-extensions >=4.0.0
  license: MIT
  license_family: MIT
  size: 18235
  timestamp: 1716290348421
- kind: conda
  name: anyio
  version: 4.3.0
  build: pyhd8ed1ab_0
  subdir: noarch
  noarch: python
  url: https://conda.anaconda.org/conda-forge/noarch/anyio-4.3.0-pyhd8ed1ab_0.conda
  sha256: 86aca4a31c09f9b4dbdb332cd9a6a7dbab62ca734d3f832651c0ab59c6a7f52e
  md5: ac95aa8ed65adfdde51132595c79aade
  depends:
  - exceptiongroup >=1.0.2
  - idna >=2.8
  - python >=3.8
  - sniffio >=1.1
  - typing_extensions >=4.1
  constrains:
  - trio >=0.23
  - uvloop >=0.17
  license: MIT
  license_family: MIT
  size: 102331
  timestamp: 1708355504396
- kind: conda
  name: bzip2
  version: 1.0.8
  build: hcfcfb64_5
  build_number: 5
  subdir: win-64
  url: https://conda.anaconda.org/conda-forge/win-64/bzip2-1.0.8-hcfcfb64_5.conda
  sha256: ae5f47a5c86fd6db822931255dcf017eb12f60c77f07dc782ccb477f7808aab2
  md5: 26eb8ca6ea332b675e11704cce84a3be
  depends:
  - ucrt >=10.0.20348.0
  - vc >=14.2,<15
  - vc14_runtime >=14.29.30139
  license: bzip2-1.0.6
  license_family: BSD
  size: 124580
  timestamp: 1699280668742
- kind: conda
  name: ca-certificates
  version: 2024.2.2
  build: h56e8100_0
  subdir: win-64
  url: https://conda.anaconda.org/conda-forge/win-64/ca-certificates-2024.2.2-h56e8100_0.conda
  sha256: 4d587088ecccd393fec3420b64f1af4ee1a0e6897a45cfd5ef38055322cea5d0
  md5: 63da060240ab8087b60d1357051ea7d6
  license: ISC
  size: 155886
  timestamp: 1706843918052
- kind: conda
  name: certifi
  version: 2024.2.2
  build: pyhd8ed1ab_0
  subdir: noarch
  noarch: python
  url: https://conda.anaconda.org/conda-forge/noarch/certifi-2024.2.2-pyhd8ed1ab_0.conda
  sha256: f1faca020f988696e6b6ee47c82524c7806380b37cfdd1def32f92c326caca54
  md5: 0876280e409658fc6f9e75d035960333
  depends:
  - python >=3.7
  license: ISC
  size: 160559
  timestamp: 1707022289175
- kind: conda
  name: click
  version: 8.1.7
  build: win_pyh7428d3b_0
  subdir: noarch
  noarch: python
  url: https://conda.anaconda.org/conda-forge/noarch/click-8.1.7-win_pyh7428d3b_0.conda
  sha256: 90236b113b9a20041736e80b80ee965167f9aac0468315c55e2bad902d673fb0
  md5: 3549ecbceb6cd77b91a105511b7d0786
  depends:
  - __win
  - colorama
  - python >=3.8
  license: BSD-3-Clause
  license_family: BSD
  size: 85051
  timestamp: 1692312207348
- kind: conda
  name: colorama
  version: 0.4.6
  build: pyhd8ed1ab_0
  subdir: noarch
  noarch: python
  url: https://conda.anaconda.org/conda-forge/noarch/colorama-0.4.6-pyhd8ed1ab_0.tar.bz2
  sha256: 2c1b2e9755ce3102bca8d69e8f26e4f087ece73f50418186aee7c74bef8e1698
  md5: 3faab06a954c2a04039983f2c4a50d99
  depends:
  - python >=3.7
  license: BSD-3-Clause
  license_family: BSD
  size: 25170
  timestamp: 1666700778190
- kind: conda
  name: colorlog
  version: 6.8.2
  build: py312h2e8e312_0
  subdir: win-64
  url: https://conda.anaconda.org/conda-forge/win-64/colorlog-6.8.2-py312h2e8e312_0.conda
  sha256: e868ff2f46d69abb26bd569ef8aaa54b49cfe824837674db43d890eab8afc920
  md5: 3b66e115a5c89c1fdc837ee683cf3604
  depends:
  - colorama
  - python >=3.12,<3.13.0a0
  - python_abi 3.12.* *_cp312
  license: MIT
  license_family: MIT
  size: 22214
  timestamp: 1706285860990
- kind: conda
  name: dnspython
  version: 2.6.1
  build: pyhd8ed1ab_1
  build_number: 1
  subdir: noarch
  noarch: python
  url: https://conda.anaconda.org/conda-forge/noarch/dnspython-2.6.1-pyhd8ed1ab_1.conda
  sha256: 0d52c878553e569bccfbd96472c1659fb873bc05e95911b457d35982827626fe
  md5: 936e6aadb75534384d11d982fab74b61
  depends:
  - python >=3.8.0,<4.0.0
  - sniffio
  constrains:
  - h2 >=4.1.0
  - httpcore >=1.0.0
  - wmi >=1.5.1
  - trio >=0.23
  - aioquic >=0.9.25
  - cryptography >=42
  - idna >=3.6
  - httpx >=0.26.0
  license: ISC
  license_family: OTHER
  size: 169434
  timestamp: 1709190848615
- kind: conda
  name: email-validator
  version: 2.1.1
  build: pyhd8ed1ab_0
  subdir: noarch
  noarch: python
  url: https://conda.anaconda.org/conda-forge/noarch/email-validator-2.1.1-pyhd8ed1ab_0.conda
  sha256: b04dcb7f16d0b67b11988e060f5f9f3db175b6d461a39e06bd2e3730d8323bb2
  md5: d986a18f7b05189ab0990042310a1451
  depends:
  - dnspython >=2.0.0
  - idna >=2.0.0
  - python >=3.7
  license: Unlicense
  size: 40718
  timestamp: 1709024546069
- kind: conda
  name: email_validator
  version: 2.1.1
  build: hd8ed1ab_0
  subdir: noarch
  noarch: generic
  url: https://conda.anaconda.org/conda-forge/noarch/email_validator-2.1.1-hd8ed1ab_0.conda
  sha256: 6a13717a5f7c7e0d619d0675c562abff8d8b0993b22b5af5957b7b64b67cd606
  md5: 6b084a2de311de1ed0640e9ada01b4d2
  depends:
  - email-validator >=2.1.1,<2.1.2.0a0
  license: Unlicense
  size: 6616
  timestamp: 1709024550191
- kind: conda
  name: exceptiongroup
  version: 1.2.0
  build: pyhd8ed1ab_2
  build_number: 2
  subdir: noarch
  noarch: python
  url: https://conda.anaconda.org/conda-forge/noarch/exceptiongroup-1.2.0-pyhd8ed1ab_2.conda
  sha256: a6ae416383bda0e3ed14eaa187c653e22bec94ff2aa3b56970cdf0032761e80d
  md5: 8d652ea2ee8eaee02ed8dc820bc794aa
  depends:
  - python >=3.7
  license: MIT and PSF-2.0
  size: 20551
  timestamp: 1704921321122
- kind: conda
  name: fastapi
  version: 0.111.0
  build: pyhd8ed1ab_0
  subdir: noarch
  noarch: python
  url: https://conda.anaconda.org/conda-forge/noarch/fastapi-0.111.0-pyhd8ed1ab_0.conda
  sha256: 98cc823775b794b6ce45f02af5e4b711065ed0787c8eaec027434dabdb308bf7
  md5: 7d347962e391cffc68f922c344f7cb3c
  depends:
  - email_validator >=2.0.0
  - fastapi-cli >=0.0.2
  - httpx >=0.23.0
  - jinja2 >=2.11.2
  - orjson >=3.2.1
  - pydantic >=1.7.4,!=1.8,!=1.8.1,!=2.0.0,!=2.0.1,!=2.1.0,<3.0.0
  - python >=3.8
  - python-multipart >=0.0.7
  - starlette >=0.37.2,<0.38.0
  - typing-extensions >=4.8.0
  - ujson >=4.0.1,!=4.0.2,!=4.1.0,!=4.2.0,!=4.3.0,!=5.0.0,!=5.1.0
  - uvicorn >=0.12.0
  license: MIT
  license_family: MIT
  size: 71107
  timestamp: 1715197099580
- kind: conda
  name: fastapi-cli
  version: 0.0.4
  build: pyhd8ed1ab_0
  subdir: noarch
  noarch: python
  url: https://conda.anaconda.org/conda-forge/noarch/fastapi-cli-0.0.4-pyhd8ed1ab_0.conda
  sha256: 1b812ecef00b17b9b2714c4ea72de0272e817b95475b18af5400b26a6e571e71
  md5: 2581ef67574e5b5400c0c151cc1c8b15
  depends:
  - fastapi
  - python >=3.8
  - typer >=0.12.3
  - uvicorn >=0.15.0
  license: MIT
  license_family: MIT
  size: 14596
  timestamp: 1716205900682
- kind: conda
  name: h11
  version: 0.14.0
  build: pyhd8ed1ab_0
  subdir: noarch
  noarch: python
  url: https://conda.anaconda.org/conda-forge/noarch/h11-0.14.0-pyhd8ed1ab_0.tar.bz2
  sha256: 817d2c77d53afe3f3d9cf7f6eb8745cdd8ea76c7adaa9d7ced75c455a2c2c085
  md5: b21ed0883505ba1910994f1df031a428
  depends:
  - python >=3
  - typing_extensions
  license: MIT
  license_family: MIT
  size: 48251
  timestamp: 1664132995560
- kind: conda
  name: h2
  version: 4.1.0
  build: pyhd8ed1ab_0
  subdir: noarch
  noarch: python
  url: https://conda.anaconda.org/conda-forge/noarch/h2-4.1.0-pyhd8ed1ab_0.tar.bz2
  sha256: bfc6a23849953647f4e255c782e74a0e18fe16f7e25c7bb0bc57b83bb6762c7a
  md5: b748fbf7060927a6e82df7cb5ee8f097
  depends:
  - hpack >=4.0,<5
  - hyperframe >=6.0,<7
  - python >=3.6.1
  license: MIT
  license_family: MIT
  size: 46754
  timestamp: 1634280590080
- kind: conda
  name: hpack
  version: 4.0.0
  build: pyh9f0ad1d_0
  subdir: noarch
  noarch: python
  url: https://conda.anaconda.org/conda-forge/noarch/hpack-4.0.0-pyh9f0ad1d_0.tar.bz2
  sha256: 5dec948932c4f740674b1afb551223ada0c55103f4c7bf86a110454da3d27cb8
  md5: 914d6646c4dbb1fd3ff539830a12fd71
  depends:
  - python
  license: MIT
  license_family: MIT
  size: 25341
  timestamp: 1598856368685
- kind: conda
  name: httpcore
  version: 1.0.5
  build: pyhd8ed1ab_0
  subdir: noarch
  noarch: python
  url: https://conda.anaconda.org/conda-forge/noarch/httpcore-1.0.5-pyhd8ed1ab_0.conda
  sha256: 4025644200eefa0598e4600a66fd4804a57d9fd7054a5c8c45e508fd875e0b84
  md5: a6b9a0158301e697e4d0a36a3d60e133
  depends:
  - anyio >=3.0,<5.0
  - certifi
  - h11 >=0.13,<0.15
  - h2 >=3,<5
  - python >=3.8
  - sniffio 1.*
  license: BSD-3-Clause
  license_family: BSD
  size: 45816
  timestamp: 1711597091407
- kind: conda
  name: httpx
  version: 0.27.0
  build: pyhd8ed1ab_0
  subdir: noarch
  noarch: python
  url: https://conda.anaconda.org/conda-forge/noarch/httpx-0.27.0-pyhd8ed1ab_0.conda
  sha256: fdaf341fb2630b7afe8238315448fc93947f77ebfa4da68bb349e1bcf820af58
  md5: 9f359af5a886fd6ca6b2b6ea02e58332
  depends:
  - anyio
  - certifi
  - httpcore 1.*
  - idna
  - python >=3.8
  - sniffio
  license: BSD-3-Clause
  license_family: BSD
  size: 64651
  timestamp: 1708531043505
- kind: conda
  name: hyperframe
  version: 6.0.1
  build: pyhd8ed1ab_0
  subdir: noarch
  noarch: python
  url: https://conda.anaconda.org/conda-forge/noarch/hyperframe-6.0.1-pyhd8ed1ab_0.tar.bz2
  sha256: e374a9d0f53149328134a8d86f5d72bca4c6dcebed3c0ecfa968c02996289330
  md5: 9f765cbfab6870c8435b9eefecd7a1f4
  depends:
  - python >=3.6
  license: MIT
  license_family: MIT
  size: 14646
  timestamp: 1619110249723
- kind: conda
  name: idna
  version: '3.7'
  build: pyhd8ed1ab_0
  subdir: noarch
  noarch: python
  url: https://conda.anaconda.org/conda-forge/noarch/idna-3.7-pyhd8ed1ab_0.conda
  sha256: 9687ee909ed46169395d4f99a0ee94b80a52f87bed69cd454bb6d37ffeb0ec7b
  md5: c0cc1420498b17414d8617d0b9f506ca
  depends:
  - python >=3.6
  license: BSD-3-Clause
  license_family: BSD
  size: 52718
  timestamp: 1713279497047
- kind: conda
  name: jinja2
  version: 3.1.4
  build: pyhd8ed1ab_0
  subdir: noarch
  noarch: python
  url: https://conda.anaconda.org/conda-forge/noarch/jinja2-3.1.4-pyhd8ed1ab_0.conda
  sha256: 27380d870d42d00350d2d52598cddaf02f9505fb24be09488da0c9b8d1428f2d
  md5: 7b86ecb7d3557821c649b3c31e3eb9f2
  depends:
  - markupsafe >=2.0
  - python >=3.7
  license: BSD-3-Clause
  license_family: BSD
  size: 111565
  timestamp: 1715127275924
- kind: conda
  name: libexpat
  version: 2.6.2
  build: h63175ca_0
  subdir: win-64
  url: https://conda.anaconda.org/conda-forge/win-64/libexpat-2.6.2-h63175ca_0.conda
  sha256: 79f612f75108f3e16bbdc127d4885bb74729cf66a8702fca0373dad89d40c4b7
  md5: bc592d03f62779511d392c175dcece64
  constrains:
  - expat 2.6.2.*
  license: MIT
  license_family: MIT
  size: 139224
  timestamp: 1710362609641
- kind: conda
  name: libffi
  version: 3.4.2
  build: h8ffe710_5
  build_number: 5
  subdir: win-64
  url: https://conda.anaconda.org/conda-forge/win-64/libffi-3.4.2-h8ffe710_5.tar.bz2
  sha256: 1951ab740f80660e9bc07d2ed3aefb874d78c107264fd810f24a1a6211d4b1a5
  md5: 2c96d1b6915b408893f9472569dee135
  depends:
  - vc >=14.1,<15.0a0
  - vs2015_runtime >=14.16.27012
  license: MIT
  license_family: MIT
  size: 42063
  timestamp: 1636489106777
- kind: conda
  name: libsqlite
  version: 3.45.3
  build: hcfcfb64_0
  subdir: win-64
  url: https://conda.anaconda.org/conda-forge/win-64/libsqlite-3.45.3-hcfcfb64_0.conda
  sha256: 06ec75faa51d7ec6d5db98889e869b579a9df19d7d3d9baff8359627da4a3b7e
  md5: 73f5dc8e2d55d9a1e14b11f49c3b4a28
  depends:
  - ucrt >=10.0.20348.0
  - vc >=14.2,<15
  - vc14_runtime >=14.29.30139
  license: Unlicense
  size: 870518
  timestamp: 1713367888406
- kind: conda
  name: libzlib
  version: 1.3.1
  build: h2466b09_1
  build_number: 1
  subdir: win-64
  url: https://conda.anaconda.org/conda-forge/win-64/libzlib-1.3.1-h2466b09_1.conda
  sha256: b13846a54a15243e15f96fec06b526d8155adc6a1ac2b6ed47a88f6a71a94b68
  md5: d4483ca8afc57ddf1f6dded53b36c17f
  depends:
  - ucrt >=10.0.20348.0
  - vc >=14.2,<15
  - vc14_runtime >=14.29.30139
  constrains:
  - zlib 1.3.1 *_1
  license: Zlib
  license_family: Other
  size: 56186
  timestamp: 1716874730539
- kind: conda
  name: markdown-it-py
  version: 3.0.0
  build: pyhd8ed1ab_0
  subdir: noarch
  noarch: python
  url: https://conda.anaconda.org/conda-forge/noarch/markdown-it-py-3.0.0-pyhd8ed1ab_0.conda
  sha256: c041b0eaf7a6af3344d5dd452815cdc148d6284fec25a4fa3f4263b3a021e962
  md5: 93a8e71256479c62074356ef6ebf501b
  depends:
  - mdurl >=0.1,<1
  - python >=3.8
  license: MIT
  license_family: MIT
  size: 64356
  timestamp: 1686175179621
- kind: conda
  name: markupsafe
  version: 2.1.5
  build: py312he70551f_0
  subdir: win-64
  url: https://conda.anaconda.org/conda-forge/win-64/markupsafe-2.1.5-py312he70551f_0.conda
  sha256: f8690a3c87e2e96cebd434a829bb95cac43afe6c439530b336dc3452fe4ce4af
  md5: 4950a739b19edaac1ed29ca9474e49ac
  depends:
  - python >=3.12,<3.13.0a0
  - python_abi 3.12.* *_cp312
  - ucrt >=10.0.20348.0
  - vc >=14.2,<15
  - vc14_runtime >=14.29.30139
  constrains:
  - jinja2 >=3.0.0
  license: BSD-3-Clause
  license_family: BSD
  size: 29060
  timestamp: 1706900374745
- kind: conda
  name: mdurl
  version: 0.1.2
  build: pyhd8ed1ab_0
  subdir: noarch
  noarch: python
  url: https://conda.anaconda.org/conda-forge/noarch/mdurl-0.1.2-pyhd8ed1ab_0.conda
  sha256: 64073dfb6bb429d52fff30891877b48c7ec0f89625b1bf844905b66a81cce6e1
  md5: 776a8dd9e824f77abac30e6ef43a8f7a
  depends:
  - python >=3.6
  license: MIT
  license_family: MIT
  size: 14680
  timestamp: 1704317789138
- kind: conda
  name: openssl
  version: 3.3.0
  build: h2466b09_3
  build_number: 3
  subdir: win-64
  url: https://conda.anaconda.org/conda-forge/win-64/openssl-3.3.0-h2466b09_3.conda
  sha256: 11b2513fceb20102bdc7f7656a59005acb9ecd0886b7cbfb9c13c2c953f2429b
  md5: d7fec5d3bb8fc0c8e266bf1ad350cec5
  depends:
  - ca-certificates
  - ucrt >=10.0.20348.0
  - vc >=14.2,<15
  - vc14_runtime >=14.29.30139
  constrains:
  - pyopenssl >=22.1
  license: Apache-2.0
  license_family: Apache
  size: 8368468
  timestamp: 1716471282135
- kind: conda
  name: orjson
  version: 3.10.3
  build: py312h426fad5_0
  subdir: win-64
  url: https://conda.anaconda.org/conda-forge/win-64/orjson-3.10.3-py312h426fad5_0.conda
  sha256: 2f7097ba826d65aebc1f2bab7173d8b8dfd9e80ee4188a989bd92e297a1aae2e
  md5: ac1c29c4712b79045e8adb05f7745d48
  depends:
  - python >=3.12,<3.13.0a0
  - python_abi 3.12.* *_cp312
  license: Apache-2.0
  license_family: Apache
  size: 191946
  timestamp: 1714770616126
- kind: conda
  name: pydantic
  version: 2.7.2
  build: pyhd8ed1ab_0
  subdir: noarch
  noarch: python
  url: https://conda.anaconda.org/conda-forge/noarch/pydantic-2.7.2-pyhd8ed1ab_0.conda
  sha256: 878a4c4da320da31ef5007e2dfed8aad1652260fa7544860f206582730d0aa76
  md5: 3523c9c846c85c43ec71eab1e26a619d
  depends:
  - annotated-types >=0.4.0
  - pydantic-core 2.18.3
  - python >=3.7
  - typing-extensions >=4.6.1
  license: MIT
  license_family: MIT
  size: 282316
  timestamp: 1716962269411
- kind: conda
  name: pydantic-core
  version: 2.18.3
  build: py312h2615798_0
  subdir: win-64
  url: https://conda.anaconda.org/conda-forge/win-64/pydantic-core-2.18.3-py312h2615798_0.conda
  sha256: d7837cda1480788ab6cd99c672a9b471ca5b76dc6d669c9c61c86a088223e208
  md5: 3706126fbca6c6c014592741f1a415f1
  depends:
  - python >=3.12,<3.13.0a0
  - python_abi 3.12.* *_cp312
  - typing-extensions >=4.6.0,!=4.7.0
  - ucrt >=10.0.20348.0
  - vc >=14.2,<15
  - vc14_runtime >=14.29.30139
  license: MIT
  license_family: MIT
  size: 1587372
  timestamp: 1716938921388
- kind: conda
  name: pygments
  version: 2.18.0
  build: pyhd8ed1ab_0
  subdir: noarch
  noarch: python
  url: https://conda.anaconda.org/conda-forge/noarch/pygments-2.18.0-pyhd8ed1ab_0.conda
  sha256: 78267adf4e76d0d64ea2ffab008c501156c108bb08fecb703816fb63e279780b
  md5: b7f5c092b8f9800150d998a71b76d5a1
  depends:
  - python >=3.8
  license: BSD-2-Clause
  license_family: BSD
  size: 879295
  timestamp: 1714846885370
- kind: conda
  name: python
  version: 3.12.3
  build: h2628c8c_0_cpython
  subdir: win-64
  url: https://conda.anaconda.org/conda-forge/win-64/python-3.12.3-h2628c8c_0_cpython.conda
  sha256: 1a95494abe572a8819c933f978df89f00bde72ea9432d46a70632599e8029ea4
  md5: f07c8c5dd98767f9a652de5d039b284e
  depends:
  - bzip2 >=1.0.8,<2.0a0
  - libexpat >=2.6.2,<3.0a0
  - libffi >=3.4,<4.0a0
  - libsqlite >=3.45.2,<4.0a0
  - libzlib >=1.2.13,<2.0.0a0
  - openssl >=3.2.1,<4.0a0
  - tk >=8.6.13,<8.7.0a0
  - tzdata
  - ucrt >=10.0.20348.0
  - vc >=14.2,<15
  - vc14_runtime >=14.29.30139
  - xz >=5.2.6,<6.0a0
  constrains:
  - python_abi 3.12.* *_cp312
  license: Python-2.0
  size: 16179248
  timestamp: 1713205644673
- kind: conda
  name: python-multipart
  version: 0.0.9
  build: pyhd8ed1ab_0
  subdir: noarch
  noarch: python
  url: https://conda.anaconda.org/conda-forge/noarch/python-multipart-0.0.9-pyhd8ed1ab_0.conda
  sha256: 026467128031bd667c4a32555ae07e922d5caed257e4815c44e7338887bbd56a
  md5: 0eef653965f0fed2013924d08089f371
  depends:
  - python >=3.7
  license: Apache-2.0
  license_family: Apache
  size: 26439
  timestamp: 1707760278735
- kind: conda
  name: python_abi
  version: '3.12'
  build: 4_cp312
  build_number: 4
  subdir: win-64
  url: https://conda.anaconda.org/conda-forge/win-64/python_abi-3.12-4_cp312.conda
  sha256: 488f8519d04b48f59bd6fde21ebe2d7a527718ff28aac86a8b53aa63658bdef6
  md5: 17f4ccf6be9ded08bd0a376f489ac1a6
  constrains:
  - python 3.12.* *_cpython
  license: BSD-3-Clause
  license_family: BSD
  size: 6785
  timestamp: 1695147430513
- kind: conda
  name: rich
  version: 13.7.1
  build: pyhd8ed1ab_0
  subdir: noarch
  noarch: python
  url: https://conda.anaconda.org/conda-forge/noarch/rich-13.7.1-pyhd8ed1ab_0.conda
  sha256: 2b26d58aa59e46f933c3126367348651b0dab6e0bf88014e857415bb184a4667
  md5: ba445bf767ae6f0d959ff2b40c20912b
  depends:
  - markdown-it-py >=2.2.0
  - pygments >=2.13.0,<3.0.0
  - python >=3.7.0
  - typing_extensions >=4.0.0,<5.0.0
  license: MIT
  license_family: MIT
  size: 184347
  timestamp: 1709150578093
- kind: conda
  name: shellingham
  version: 1.5.4
  build: pyhd8ed1ab_0
  subdir: noarch
  noarch: python
  url: https://conda.anaconda.org/conda-forge/noarch/shellingham-1.5.4-pyhd8ed1ab_0.conda
  sha256: 3c49a0a101c41b7cf6ac05a1872d7a1f91f1b6d02eecb4a36b605a19517862bb
  md5: d08db09a552699ee9e7eec56b4eb3899
  depends:
  - python >=3.7
  license: MIT
  license_family: MIT
  size: 14568
  timestamp: 1698144516278
- kind: conda
  name: sniffio
  version: 1.3.1
  build: pyhd8ed1ab_0
  subdir: noarch
  noarch: python
  url: https://conda.anaconda.org/conda-forge/noarch/sniffio-1.3.1-pyhd8ed1ab_0.conda
  sha256: bc12100b2d8836b93c55068b463190505b8064d0fc7d025e89f20ebf22fe6c2b
  md5: 490730480d76cf9c8f8f2849719c6e2b
  depends:
  - python >=3.7
  license: Apache-2.0
  license_family: Apache
  size: 15064
  timestamp: 1708953086199
- kind: conda
  name: starlette
  version: 0.37.2
  build: pyhd8ed1ab_0
  subdir: noarch
  noarch: python
  url: https://conda.anaconda.org/conda-forge/noarch/starlette-0.37.2-pyhd8ed1ab_0.conda
  sha256: de3c43075fdc33c90cd8034e440638904268c46023dc2b14921a8355415dc40e
  md5: 7e5550dfa3ed2c2019988cbb9f8302ea
  depends:
  - anyio <5,>=3.4.0
  - python >=3.8
  - typing_extensions >=3.10.0
  license: BSD-3-Clause
  license_family: BSD
  size: 57620
  timestamp: 1709667193131
- kind: conda
  name: tk
  version: 8.6.13
  build: h5226925_1
  build_number: 1
  subdir: win-64
  url: https://conda.anaconda.org/conda-forge/win-64/tk-8.6.13-h5226925_1.conda
  sha256: 2c4e914f521ccb2718946645108c9bd3fc3216ba69aea20c2c3cedbd8db32bb1
  md5: fc048363eb8f03cd1737600a5d08aafe
  depends:
  - ucrt >=10.0.20348.0
  - vc >=14.2,<15
  - vc14_runtime >=14.29.30139
  license: TCL
  license_family: BSD
  size: 3503410
  timestamp: 1699202577803
- kind: conda
  name: typer
  version: 0.12.3
  build: pyhd8ed1ab_0
  subdir: noarch
  noarch: python
  url: https://conda.anaconda.org/conda-forge/noarch/typer-0.12.3-pyhd8ed1ab_0.conda
  sha256: b8b182303858c512fa04f38a3123c892958f708d2ae90afd35246da7c4829485
  md5: 10efd02b22c39c0a46312ef7cb16d237
  depends:
  - python >=3.7
  - typer-slim-standard 0.12.3 hd8ed1ab_0
  license: MIT
  license_family: MIT
  size: 52670
  timestamp: 1712702716762
- kind: conda
  name: typer-slim
  version: 0.12.3
  build: pyhd8ed1ab_0
  subdir: noarch
  noarch: python
  url: https://conda.anaconda.org/conda-forge/noarch/typer-slim-0.12.3-pyhd8ed1ab_0.conda
  sha256: 01dcb54375c8eae54d13374ed3d5823635401c552340b87e67fdbbb507760596
  md5: cf2c3a89f89644c53cadbfeb124914e9
  depends:
  - click >=8.0.0
  - python >=3.7
  - typing_extensions >=3.7.4.3
  constrains:
  - shellingham >=1.3.0,<2.0.0
  - rich >=10.11.0,<14.0.0
  - typer >=0.12.3,<0.12.4.0a0
  license: MIT
  license_family: MIT
  size: 45674
  timestamp: 1712702684668
- kind: conda
  name: typer-slim-standard
  version: 0.12.3
  build: hd8ed1ab_0
  subdir: noarch
  noarch: generic
  url: https://conda.anaconda.org/conda-forge/noarch/typer-slim-standard-0.12.3-hd8ed1ab_0.conda
  sha256: 06e2f8ca7e3f7168a39d3d2cc62ee1e220928e1e5a4370f4ade2566342c4a459
  md5: 8e56b98837d17e6ace4dc455d905709a
  depends:
  - rich
  - shellingham
  - typer-slim 0.12.3 pyhd8ed1ab_0
  license: MIT
  license_family: MIT
  size: 46047
  timestamp: 1712702688759
- kind: conda
  name: typing-extensions
  version: 4.11.0
  build: hd8ed1ab_0
  subdir: noarch
  noarch: python
  url: https://conda.anaconda.org/conda-forge/noarch/typing-extensions-4.11.0-hd8ed1ab_0.conda
  sha256: aecbd9c601ba5a6c128da8975276fd817b968a9edc969b7ae97aee76e80a14a6
  md5: 471e3988f8ca5e9eb3ce6be7eac3bcee
  depends:
  - typing_extensions 4.11.0 pyha770c72_0
  license: PSF-2.0
  license_family: PSF
  size: 10093
  timestamp: 1712330094282
- kind: conda
  name: typing_extensions
  version: 4.11.0
  build: pyha770c72_0
  subdir: noarch
  noarch: python
  url: https://conda.anaconda.org/conda-forge/noarch/typing_extensions-4.11.0-pyha770c72_0.conda
  sha256: a7e8714d14f854058e971a6ed44f18cc37cc685f98ddefb2e6b7899a0cc4d1a2
  md5: 6ef2fc37559256cf682d8b3375e89b80
  depends:
  - python >=3.8
  license: PSF-2.0
  license_family: PSF
  size: 37583
  timestamp: 1712330089194
- kind: conda
  name: tzdata
  version: 2024a
  build: h0c530f3_0
  subdir: noarch
  noarch: generic
  url: https://conda.anaconda.org/conda-forge/noarch/tzdata-2024a-h0c530f3_0.conda
  sha256: 7b2b69c54ec62a243eb6fba2391b5e443421608c3ae5dbff938ad33ca8db5122
  md5: 161081fc7cec0bfda0d86d7cb595f8d8
  license: LicenseRef-Public-Domain
  size: 119815
  timestamp: 1706886945727
- kind: conda
  name: ucrt
  version: 10.0.22621.0
  build: h57928b3_0
  subdir: win-64
  url: https://conda.anaconda.org/conda-forge/win-64/ucrt-10.0.22621.0-h57928b3_0.tar.bz2
  sha256: f29cdaf8712008f6b419b8b1a403923b00ab2504bfe0fb2ba8eb60e72d4f14c6
  md5: 72608f6cd3e5898229c3ea16deb1ac43
  constrains:
  - vs2015_runtime >=14.29.30037
  license: LicenseRef-Proprietary
  license_family: PROPRIETARY
  size: 1283972
  timestamp: 1666630199266
- kind: conda
  name: ujson
  version: 5.10.0
  build: py312h275cf98_0
  subdir: win-64
  url: https://conda.anaconda.org/conda-forge/win-64/ujson-5.10.0-py312h275cf98_0.conda
  sha256: 6f9816ea6b6eda967ec5281209247ef70523ccc86d285b04b6798d6d177250f6
  md5: 35a1651bf4c5d1208547ee033aaaff99
  depends:
  - python >=3.12,<3.13.0a0
  - python_abi 3.12.* *_cp312
  - ucrt >=10.0.20348.0
  - vc >=14.2,<15
  - vc14_runtime >=14.29.30139
  license: BSD-3-Clause
  license_family: BSD
  size: 47873
  timestamp: 1715783719526
- kind: conda
  name: uvicorn
  version: 0.30.0
  build: py312h2e8e312_0
  subdir: win-64
  url: https://conda.anaconda.org/conda-forge/win-64/uvicorn-0.30.0-py312h2e8e312_0.conda
  sha256: 223418709c4b21dd15206141c8dd89bdda9f08c7d92f51752b546d1991a6e0f3
  md5: f565c3f2773a827f119a62b5b2f5b9c0
  depends:
  - click >=7.0
  - h11 >=0.8
  - python >=3.12,<3.13.0a0
  - python_abi 3.12.* *_cp312
  license: BSD-3-Clause
  license_family: BSD
  size: 157385
  timestamp: 1716910024419
- kind: conda
  name: vc
  version: '14.3'
  build: ha32ba9b_20
  build_number: 20
  subdir: win-64
  url: https://conda.anaconda.org/conda-forge/win-64/vc-14.3-ha32ba9b_20.conda
  sha256: 16cb562ce210ee089060f4aa52f3225a571c83885632a870ea2297d460e3bb00
  md5: 2abfb5cb1b9d41a50f765d60f0be563d
  depends:
  - vc14_runtime >=14.38.33135
  track_features:
  - vc14
  license: BSD-3-Clause
  license_family: BSD
  size: 17122
  timestamp: 1716231244564
- kind: conda
  name: vc14_runtime
  version: 14.38.33135
  build: h835141b_20
  build_number: 20
  subdir: win-64
  url: https://conda.anaconda.org/conda-forge/win-64/vc14_runtime-14.38.33135-h835141b_20.conda
  sha256: 05b07e0dd3fd49dcc98a365ff661ed6b65e2f0266b4bb03d273131ffdba663be
  md5: e971b35a5765862fabc4ba6e5ddf9470
  depends:
  - ucrt >=10.0.20348.0
  constrains:
  - vs2015_runtime 14.38.33135.* *_20
  license: LicenseRef-ProprietaryMicrosoft
  license_family: Proprietary
  size: 744189
  timestamp: 1716231234745
- kind: conda
  name: vs2015_runtime
  version: 14.38.33135
  build: h22015db_20
  build_number: 20
  subdir: win-64
  url: https://conda.anaconda.org/conda-forge/win-64/vs2015_runtime-14.38.33135-h22015db_20.conda
  sha256: 2cebabc39766ea051e577762d813ad4151e9d0ff96f3ff3374d575a272951416
  md5: bb4f5ab332e46e1b022d8842e72905b1
  depends:
  - vc14_runtime >=14.38.33135
  license: BSD-3-Clause
  license_family: BSD
  size: 17124
  timestamp: 1716231247457
- kind: conda
  name: xz
  version: 5.2.6
  build: h8d14728_0
  subdir: win-64
  url: https://conda.anaconda.org/conda-forge/win-64/xz-5.2.6-h8d14728_0.tar.bz2
  sha256: 54d9778f75a02723784dc63aff4126ff6e6749ba21d11a6d03c1f4775f269fe0
  md5: 515d77642eaa3639413c6b1bc3f94219
  depends:
  - vc >=14.1,<15
  - vs2015_runtime >=14.16.27033
  license: LGPL-2.1 and GPL-2.0
  size: 217804
  timestamp: 1660346976440
